
Microsoft Visual Studio Solution File, Format Version 12.00
# Visual Studio Version 16
VisualStudioVersion = 16.0.29230.47
MinimumVisualStudioVersion = 10.0.40219.1
Project("{FAE04EC0-301F-11D3-BF4B-00C04F79EFBC}") = "VectorMath", "VectorMath\VectorMath.csproj", "{561A8990-EA60-4424-AA86-FE00AFDF1FC9}"
EndProject
Project("{FAE04EC0-301F-11D3-BF4B-00C04F79EFBC}") = "TreeFractal", "WpfApplication1\TreeFractal.csproj", "{73104B05-550F-4FEF-8E95-D36E273B79ED}"
EndProject
Project("{2150E333-8FDC-42A3-9474-1A3956D46DE8}") = "Solution Items", "Solution Items", "{204A34F1-5D14-4C25-BAD8-145D8F2F5EB5}"
	ProjectSection(SolutionItems) = preProject
		README.md = README.md
	EndProjectSection
EndProject
Global
	GlobalSection(SolutionConfigurationPlatforms) = preSolution
		Debug|Any CPU = Debug|Any CPU
		Release|Any CPU = Release|Any CPU
	EndGlobalSection
	GlobalSection(ProjectConfigurationPlatforms) = postSolution
		{561A8990-EA60-4424-AA86-FE00AFDF1FC9}.Debug|Any CPU.ActiveCfg = Debug|Any CPU
		{561A8990-EA60-4424-AA86-FE00AFDF1FC9}.Debug|Any CPU.Build.0 = Debug|Any CPU
		{561A8990-EA60-4424-AA86-FE00AFDF1FC9}.Release|Any CPU.ActiveCfg = Release|Any CPU
		{561A8990-EA60-4424-AA86-FE00AFDF1FC9}.Release|Any CPU.Build.0 = Release|Any CPU
		{73104B05-550F-4FEF-8E95-D36E273B79ED}.Debug|Any CPU.ActiveCfg = Debug|Any CPU
		{73104B05-550F-4FEF-8E95-D36E273B79ED}.Debug|Any CPU.Build.0 = Debug|Any CPU
		{73104B05-550F-4FEF-8E95-D36E273B79ED}.Release|Any CPU.ActiveCfg = Release|Any CPU
		{73104B05-550F-4FEF-8E95-D36E273B79ED}.Release|Any CPU.Build.0 = Release|Any CPU
	EndGlobalSection
	GlobalSection(SolutionProperties) = preSolution
		HideSolutionNode = FALSE
	EndGlobalSection
	GlobalSection(ExtensibilityGlobals) = postSolution
		SolutionGuid = {646B8AF7-E88B-4855-886E-5E00FFA1CFD5}
	EndGlobalSection
EndGlobal
